
Microsoft Visual Studio Solution File, Format Version 12.00
Project("{2150E333-8FDC-42A3-9474-1A3956D46DE8}") = "Algorithm1LeetCode", "Algorithm1LeetCode", "{B48BC6B8-3AD6-4000-9F98-76AFDBF0868D}"
EndProject
Project("{2150E333-8FDC-42A3-9474-1A3956D46DE8}") = "Day1", "Day1", "{7403244A-3F0A-4FC7-BC69-3F79DFEB9B56}"
EndProject
Project("{FAE04EC0-301F-11D3-BF4B-00C04F79EFBC}") = "BinarySearch704", "BinarySearch704\BinarySearch704.csproj", "{D61922B4-D920-4AB0-894B-F7AF9110A42F}"
EndProject
Project("{FAE04EC0-301F-11D3-BF4B-00C04F79EFBC}") = "FirstBadVersion278", "FirstBadVersion278\FirstBadVersion278.csproj", "{CE65BAEE-99ED-427D-BE09-BEB035CC7BC4}"
EndProject
Project("{FAE04EC0-301F-11D3-BF4B-00C04F79EFBC}") = "SearchInsertPosition35", "SearchInsertPosition35\SearchInsertPosition35.csproj", "{E13DA34C-6586-4CDC-965C-599F475BEBE5}"
EndProject
Project("{2150E333-8FDC-42A3-9474-1A3956D46DE8}") = "DataStructure1LeetCode", "DataStructure1LeetCode", "{AB6D4C46-9804-43E5-B853-051A1A6613E3}"
EndProject
Project("{2150E333-8FDC-42A3-9474-1A3956D46DE8}") = "Day1", "Day1", "{8FF67DB1-334E-472D-9647-362789F65151}"
EndProject
Project("{FAE04EC0-301F-11D3-BF4B-00C04F79EFBC}") = "ContainsDuplicate217", "ContainsDuplicate217\ContainsDuplicate217.csproj", "{53881734-F653-4A11-BBD1-C07283AF778A}"
EndProject
Project("{FAE04EC0-301F-11D3-BF4B-00C04F79EFBC}") = "Maximum subarray 53", "Maximum subarray 53\Maximum subarray 53.csproj", "{BAB87BC6-D67B-4155-A448-A3AFD99DD004}"
EndProject
Project("{2150E333-8FDC-42A3-9474-1A3956D46DE8}") = "Day2", "Day2", "{1BF24F68-7F62-4600-BB75-933A13D0A8CE}"
EndProject
Project("{FAE04EC0-301F-11D3-BF4B-00C04F79EFBC}") = "Rotate Array 189", "Rotate Array 189\Rotate Array 189.csproj", "{124D0414-644D-4C31-A62E-6209BF6AAB59}"
EndProject
Project("{FAE04EC0-301F-11D3-BF4B-00C04F79EFBC}") = "Squares of a Sorted Array 977", "Squares of a Sorted Array 977\Squares of a Sorted Array 977.csproj", "{D3EDB7CF-B591-4E99-8014-0082B4C0774A}"
EndProject
Project("{2150E333-8FDC-42A3-9474-1A3956D46DE8}") = "Day2", "Day2", "{51D9F2B2-7CD6-4244-ACE6-9485CB85C195}"
EndProject
Project("{FAE04EC0-301F-11D3-BF4B-00C04F79EFBC}") = "Merge Sorted Array 88", "Merge Sorted Array 88\Merge Sorted Array 88.csproj", "{F1682B25-7FF9-4826-A4F6-B34A9C649F01}"
EndProject
Project("{FAE04EC0-301F-11D3-BF4B-00C04F79EFBC}") = "Two Sums 1", "Two Sums 1\Two Sums 1.csproj", "{0CBDF202-2038-4102-9480-488F5DE3E699}"
EndProject
Project("{2150E333-8FDC-42A3-9474-1A3956D46DE8}") = "Day3", "Day3", "{A1F976C2-12A6-4FC3-A8A8-C9D58A116FDA}"
EndProject
Project("{FAE04EC0-301F-11D3-BF4B-00C04F79EFBC}") = "Best Time to Buy and Sell Stock 121", "Best Time to Buy and Sell Stock 121\Best Time to Buy and Sell Stock 121.csproj", "{149985AC-727E-4E3E-9A7A-D2DAB070F153}"
EndProject
Project("{FAE04EC0-301F-11D3-BF4B-00C04F79EFBC}") = "Intersection of Two Arrays II 350", "Intersection of Two Arrays II 350\Intersection of Two Arrays II 350.csproj", "{60E362E7-55AD-4E2B-8FDC-55AFC203E0CA}"
EndProject
Project("{2150E333-8FDC-42A3-9474-1A3956D46DE8}") = "Random Questions", "Random Questions", "{EDA6ADD0-C0B7-469B-A6C3-EBAC1169FBF5}"
EndProject
Global
	GlobalSection(SolutionConfigurationPlatforms) = preSolution
		Debug|Any CPU = Debug|Any CPU
		Release|Any CPU = Release|Any CPU
	EndGlobalSection
	GlobalSection(ProjectConfigurationPlatforms) = postSolution
		{D61922B4-D920-4AB0-894B-F7AF9110A42F}.Debug|Any CPU.ActiveCfg = Debug|Any CPU
		{D61922B4-D920-4AB0-894B-F7AF9110A42F}.Debug|Any CPU.Build.0 = Debug|Any CPU
		{D61922B4-D920-4AB0-894B-F7AF9110A42F}.Release|Any CPU.ActiveCfg = Release|Any CPU
		{D61922B4-D920-4AB0-894B-F7AF9110A42F}.Release|Any CPU.Build.0 = Release|Any CPU
		{CE65BAEE-99ED-427D-BE09-BEB035CC7BC4}.Debug|Any CPU.ActiveCfg = Debug|Any CPU
		{CE65BAEE-99ED-427D-BE09-BEB035CC7BC4}.Debug|Any CPU.Build.0 = Debug|Any CPU
		{CE65BAEE-99ED-427D-BE09-BEB035CC7BC4}.Release|Any CPU.ActiveCfg = Release|Any CPU
		{CE65BAEE-99ED-427D-BE09-BEB035CC7BC4}.Release|Any CPU.Build.0 = Release|Any CPU
		{E13DA34C-6586-4CDC-965C-599F475BEBE5}.Debug|Any CPU.ActiveCfg = Debug|Any CPU
		{E13DA34C-6586-4CDC-965C-599F475BEBE5}.Debug|Any CPU.Build.0 = Debug|Any CPU
		{E13DA34C-6586-4CDC-965C-599F475BEBE5}.Release|Any CPU.ActiveCfg = Release|Any CPU
		{E13DA34C-6586-4CDC-965C-599F475BEBE5}.Release|Any CPU.Build.0 = Release|Any CPU
		{53881734-F653-4A11-BBD1-C07283AF778A}.Debug|Any CPU.ActiveCfg = Debug|Any CPU
		{53881734-F653-4A11-BBD1-C07283AF778A}.Debug|Any CPU.Build.0 = Debug|Any CPU
		{53881734-F653-4A11-BBD1-C07283AF778A}.Release|Any CPU.ActiveCfg = Release|Any CPU
		{53881734-F653-4A11-BBD1-C07283AF778A}.Release|Any CPU.Build.0 = Release|Any CPU
		{BAB87BC6-D67B-4155-A448-A3AFD99DD004}.Debug|Any CPU.ActiveCfg = Debug|Any CPU
		{BAB87BC6-D67B-4155-A448-A3AFD99DD004}.Debug|Any CPU.Build.0 = Debug|Any CPU
		{BAB87BC6-D67B-4155-A448-A3AFD99DD004}.Release|Any CPU.ActiveCfg = Release|Any CPU
		{BAB87BC6-D67B-4155-A448-A3AFD99DD004}.Release|Any CPU.Build.0 = Release|Any CPU
		{124D0414-644D-4C31-A62E-6209BF6AAB59}.Debug|Any CPU.ActiveCfg = Debug|Any CPU
		{124D0414-644D-4C31-A62E-6209BF6AAB59}.Debug|Any CPU.Build.0 = Debug|Any CPU
		{124D0414-644D-4C31-A62E-6209BF6AAB59}.Release|Any CPU.ActiveCfg = Release|Any CPU
		{124D0414-644D-4C31-A62E-6209BF6AAB59}.Release|Any CPU.Build.0 = Release|Any CPU
		{D3EDB7CF-B591-4E99-8014-0082B4C0774A}.Debug|Any CPU.ActiveCfg = Debug|Any CPU
		{D3EDB7CF-B591-4E99-8014-0082B4C0774A}.Debug|Any CPU.Build.0 = Debug|Any CPU
		{D3EDB7CF-B591-4E99-8014-0082B4C0774A}.Release|Any CPU.ActiveCfg = Release|Any CPU
		{D3EDB7CF-B591-4E99-8014-0082B4C0774A}.Release|Any CPU.Build.0 = Release|Any CPU
		{F1682B25-7FF9-4826-A4F6-B34A9C649F01}.Debug|Any CPU.ActiveCfg = Debug|Any CPU
		{F1682B25-7FF9-4826-A4F6-B34A9C649F01}.Debug|Any CPU.Build.0 = Debug|Any CPU
		{F1682B25-7FF9-4826-A4F6-B34A9C649F01}.Release|Any CPU.ActiveCfg = Release|Any CPU
		{F1682B25-7FF9-4826-A4F6-B34A9C649F01}.Release|Any CPU.Build.0 = Release|Any CPU
		{0CBDF202-2038-4102-9480-488F5DE3E699}.Debug|Any CPU.ActiveCfg = Debug|Any CPU
		{0CBDF202-2038-4102-9480-488F5DE3E699}.Debug|Any CPU.Build.0 = Debug|Any CPU
		{0CBDF202-2038-4102-9480-488F5DE3E699}.Release|Any CPU.ActiveCfg = Release|Any CPU
		{0CBDF202-2038-4102-9480-488F5DE3E699}.Release|Any CPU.Build.0 = Release|Any CPU
		{149985AC-727E-4E3E-9A7A-D2DAB070F153}.Debug|Any CPU.ActiveCfg = Debug|Any CPU
		{149985AC-727E-4E3E-9A7A-D2DAB070F153}.Debug|Any CPU.Build.0 = Debug|Any CPU
		{149985AC-727E-4E3E-9A7A-D2DAB070F153}.Release|Any CPU.ActiveCfg = Release|Any CPU
		{149985AC-727E-4E3E-9A7A-D2DAB070F153}.Release|Any CPU.Build.0 = Release|Any CPU
		{60E362E7-55AD-4E2B-8FDC-55AFC203E0CA}.Debug|Any CPU.ActiveCfg = Debug|Any CPU
		{60E362E7-55AD-4E2B-8FDC-55AFC203E0CA}.Debug|Any CPU.Build.0 = Debug|Any CPU
		{60E362E7-55AD-4E2B-8FDC-55AFC203E0CA}.Release|Any CPU.ActiveCfg = Release|Any CPU
		{60E362E7-55AD-4E2B-8FDC-55AFC203E0CA}.Release|Any CPU.Build.0 = Release|Any CPU
	EndGlobalSection
	GlobalSection(NestedProjects) = preSolution
		{7403244A-3F0A-4FC7-BC69-3F79DFEB9B56} = {B48BC6B8-3AD6-4000-9F98-76AFDBF0868D}
		{D61922B4-D920-4AB0-894B-F7AF9110A42F} = {7403244A-3F0A-4FC7-BC69-3F79DFEB9B56}
		{CE65BAEE-99ED-427D-BE09-BEB035CC7BC4} = {7403244A-3F0A-4FC7-BC69-3F79DFEB9B56}
		{E13DA34C-6586-4CDC-965C-599F475BEBE5} = {7403244A-3F0A-4FC7-BC69-3F79DFEB9B56}
		{8FF67DB1-334E-472D-9647-362789F65151} = {AB6D4C46-9804-43E5-B853-051A1A6613E3}
		{53881734-F653-4A11-BBD1-C07283AF778A} = {8FF67DB1-334E-472D-9647-362789F65151}
		{BAB87BC6-D67B-4155-A448-A3AFD99DD004} = {8FF67DB1-334E-472D-9647-362789F65151}
		{1BF24F68-7F62-4600-BB75-933A13D0A8CE} = {B48BC6B8-3AD6-4000-9F98-76AFDBF0868D}
		{124D0414-644D-4C31-A62E-6209BF6AAB59} = {1BF24F68-7F62-4600-BB75-933A13D0A8CE}
		{D3EDB7CF-B591-4E99-8014-0082B4C0774A} = {1BF24F68-7F62-4600-BB75-933A13D0A8CE}
		{51D9F2B2-7CD6-4244-ACE6-9485CB85C195} = {AB6D4C46-9804-43E5-B853-051A1A6613E3}
		{F1682B25-7FF9-4826-A4F6-B34A9C649F01} = {51D9F2B2-7CD6-4244-ACE6-9485CB85C195}
		{0CBDF202-2038-4102-9480-488F5DE3E699} = {51D9F2B2-7CD6-4244-ACE6-9485CB85C195}
		{A1F976C2-12A6-4FC3-A8A8-C9D58A116FDA} = {AB6D4C46-9804-43E5-B853-051A1A6613E3}
		{149985AC-727E-4E3E-9A7A-D2DAB070F153} = {A1F976C2-12A6-4FC3-A8A8-C9D58A116FDA}
		{60E362E7-55AD-4E2B-8FDC-55AFC203E0CA} = {A1F976C2-12A6-4FC3-A8A8-C9D58A116FDA}
	EndGlobalSection
EndGlobal
